{
  "meteor": {},
  "dependencies": {
    "basePackages": {
      "semantic-ui-less": {},
      "normalize.css": {},
      "smart-collections": {},
      "lesshat": {},
      "blaze-layout": {},
      "iron-router": {
        "version": "0.8.1"
      }
    },
    "packages": {
      "semantic-ui-less": {
        "git": "https://github.com/nooitaf/meteor-semantic-ui-less.git",
        "tag": "v0.19.0",
        "commit": "6fc92abe6754cbc623f475b72e001a4fc77e81b5"
      },
      "normalize.css": {
        "git": "https://github.com/rithis/meteor-normalize.css",
        "tag": "v2.0.1",
        "commit": "671aba13223dd7d7ec1d26a6b2461943d7c4fa18"
      },
      "smart-collections": {
        "git": "https://github.com/arunoda/meteor-smart-collections.git",
        "tag": "v0.4.0",
        "commit": "da25a5e88c3b5e3c1cb3bd44fd7fdc3234448526"
      },
      "lesshat": {
        "git": "https://github.com/QaDeS/meteor-lesshat",
        "tag": "v0.0.1",
        "commit": "61514ff932e1e9615f007c3fdff633a110bf8910"
      },
      "blaze-layout": {
        "git": "https://github.com/EventedMind/blaze-layout.git",
        "tag": "v0.2.5",
        "commit": "273e3ab7d005d91a1a59c71bd224533b4dae2fbd"
      },
      "iron-router": {
        "git": "https://github.com/EventedMind/iron-router.git",
        "tag": "v0.8.1",
        "commit": "74e867557fd9cb81173e048e5f81cf4a0a1160a8"
      },
      "iron-layout": {
        "git": "https://github.com/EventedMind/iron-layout.git",
        "tag": "v0.2.0",
        "commit": "4a2d53e35ba036b0c189c7ceca34be494d4c6c97"
      },
      "iron-core": {
        "git": "https://github.com/EventedMind/iron-core.git",
        "tag": "v0.2.0",
        "commit": "0e48b5dc50d03f01025b7b900fb5ce2f13d52cad"
      },
      "iron-dynamic-template": {
        "git": "https://github.com/EventedMind/iron-dynamic-template.git",
        "tag": "v0.2.1",
        "commit": "4dd1185c4d9d616c9abdb3f33e4a7d5a88db7e18"
      }
    }
  }
}
